
Microsoft Visual Studio Solution File, Format Version 12.00
# Visual Studio Version 16
VisualStudioVersion = 16.0.31624.102
MinimumVisualStudioVersion = 10.0.40219.1
Project("{9A19103F-16F7-4668-BE54-9A1E7A4F7556}") = "OpeningDatabaseFilesInApplicationDirectory", "OpeningDatabaseFilesInApplicationDirectory.csproj", "{4C0226A7-BEAA-4DB4-9B99-BBE9B79B9979}"
EndProject
Project("{54435603-DBB4-11D2-8724-00A0C9A8B90C}") = "BooksDBMS_1", "..\BooksDBMS_1\BooksDBMS_1.vdproj", "{4E854338-B6D9-4D3F-98AB-23EFA738E14C}"
EndProject
Global
	GlobalSection(SolutionConfigurationPlatforms) = preSolution
		Debug|Any CPU = Debug|Any CPU
		Release|Any CPU = Release|Any CPU
	EndGlobalSection
	GlobalSection(ProjectConfigurationPlatforms) = postSolution
		{4C0226A7-BEAA-4DB4-9B99-BBE9B79B9979}.Debug|Any CPU.ActiveCfg = Debug|Any CPU
		{4C0226A7-BEAA-4DB4-9B99-BBE9B79B9979}.Debug|Any CPU.Build.0 = Debug|Any CPU
		{4C0226A7-BEAA-4DB4-9B99-BBE9B79B9979}.Release|Any CPU.ActiveCfg = Release|Any CPU
		{4C0226A7-BEAA-4DB4-9B99-BBE9B79B9979}.Release|Any CPU.Build.0 = Release|Any CPU
		{4E854338-B6D9-4D3F-98AB-23EFA738E14C}.Debug|Any CPU.ActiveCfg = Debug
		{4E854338-B6D9-4D3F-98AB-23EFA738E14C}.Release|Any CPU.ActiveCfg = Release
	EndGlobalSection
	GlobalSection(SolutionProperties) = preSolution
		HideSolutionNode = FALSE
	EndGlobalSection
	GlobalSection(ExtensibilityGlobals) = postSolution
		SolutionGuid = {595AF86C-DFA1-4A4F-AFA0-28A872313BD0}
	EndGlobalSection
EndGlobal
